
Microsoft Visual Studio Solution File, Format Version 12.00
# Visual Studio Version 16
VisualStudioVersion = 16.0.29709.97
MinimumVisualStudioVersion = 10.0.40219.1
Project("{FAE04EC0-301F-11D3-BF4B-00C04F79EFBC}") = "ParserLibrary", "ParserLibrary\ParserLibrary.csproj", "{6DDC55AD-0F75-43BA-A34D-1A74A13420B1}"
EndProject
Project("{FAE04EC0-301F-11D3-BF4B-00C04F79EFBC}") = "WpfApp1", "WpfApp1\WpfApp1.csproj", "{4C2EB25D-E421-4A5F-8B14-7E4D52E8B530}"
EndProject
Global
	GlobalSection(SolutionConfigurationPlatforms) = preSolution
		Debug|Any CPU = Debug|Any CPU
		Release|Any CPU = Release|Any CPU
	EndGlobalSection
	GlobalSection(ProjectConfigurationPlatforms) = postSolution
		{6DDC55AD-0F75-43BA-A34D-1A74A13420B1}.Debug|Any CPU.ActiveCfg = Debug|Any CPU
		{6DDC55AD-0F75-43BA-A34D-1A74A13420B1}.Debug|Any CPU.Build.0 = Debug|Any CPU
		{6DDC55AD-0F75-43BA-A34D-1A74A13420B1}.Release|Any CPU.ActiveCfg = Release|Any CPU
		{6DDC55AD-0F75-43BA-A34D-1A74A13420B1}.Release|Any CPU.Build.0 = Release|Any CPU
		{4C2EB25D-E421-4A5F-8B14-7E4D52E8B530}.Debug|Any CPU.ActiveCfg = Debug|Any CPU
		{4C2EB25D-E421-4A5F-8B14-7E4D52E8B530}.Debug|Any CPU.Build.0 = Debug|Any CPU
		{4C2EB25D-E421-4A5F-8B14-7E4D52E8B530}.Release|Any CPU.ActiveCfg = Release|Any CPU
		{4C2EB25D-E421-4A5F-8B14-7E4D52E8B530}.Release|Any CPU.Build.0 = Release|Any CPU
	EndGlobalSection
	GlobalSection(SolutionProperties) = preSolution
		HideSolutionNode = FALSE
	EndGlobalSection
	GlobalSection(ExtensibilityGlobals) = postSolution
		SolutionGuid = {108A5D38-08DB-46E6-9F97-368824D91849}
	EndGlobalSection
EndGlobal
